
Microsoft Visual Studio Solution File, Format Version 12.00
# Visual Studio Version 16
Project("{8BC9CEB8-8B4A-11D0-8D11-00A0C91BC942}") = "CXTest", "CXTest.vcxproj", "{52A3AF5F-C120-3EA6-85AC-6B1236C094CA}"
	ProjectSection(ProjectDependencies) = postProject
		{E5AE3A09-2EDF-3799-8BAC-62656EEC63FD} = {E5AE3A09-2EDF-3799-8BAC-62656EEC63FD}
	EndProjectSection
EndProject
Project("{8BC9CEB8-8B4A-11D0-8D11-00A0C91BC942}") = "ALL_BUILD", "ALL_BUILD.vcxproj", "{049C27CC-312F-30C2-A1E8-9E85A31D736A}"
	ProjectSection(ProjectDependencies) = postProject
		{52A3AF5F-C120-3EA6-85AC-6B1236C094CA} = {52A3AF5F-C120-3EA6-85AC-6B1236C094CA}
		{E5AE3A09-2EDF-3799-8BAC-62656EEC63FD} = {E5AE3A09-2EDF-3799-8BAC-62656EEC63FD}
	EndProjectSection
EndProject
Project("{8BC9CEB8-8B4A-11D0-8D11-00A0C91BC942}") = "ZERO_CHECK", "ZERO_CHECK.vcxproj", "{E5AE3A09-2EDF-3799-8BAC-62656EEC63FD}"
	ProjectSection(ProjectDependencies) = postProject
	EndProjectSection
EndProject
Global
	GlobalSection(SolutionConfigurationPlatforms) = preSolution
		Debug|x64 = Debug|x64
		Release|x64 = Release|x64
		MinSizeRel|x64 = MinSizeRel|x64
		RelWithDebInfo|x64 = RelWithDebInfo|x64
	EndGlobalSection
	GlobalSection(ProjectConfigurationPlatforms) = postSolution
		{52A3AF5F-C120-3EA6-85AC-6B1236C094CA}.Debug|x64.ActiveCfg = Debug|x64
		{52A3AF5F-C120-3EA6-85AC-6B1236C094CA}.Debug|x64.Build.0 = Debug|x64
		{52A3AF5F-C120-3EA6-85AC-6B1236C094CA}.Release|x64.ActiveCfg = Release|x64
		{52A3AF5F-C120-3EA6-85AC-6B1236C094CA}.Release|x64.Build.0 = Release|x64
		{52A3AF5F-C120-3EA6-85AC-6B1236C094CA}.MinSizeRel|x64.ActiveCfg = MinSizeRel|x64
		{52A3AF5F-C120-3EA6-85AC-6B1236C094CA}.MinSizeRel|x64.Build.0 = MinSizeRel|x64
		{52A3AF5F-C120-3EA6-85AC-6B1236C094CA}.RelWithDebInfo|x64.ActiveCfg = RelWithDebInfo|x64
		{52A3AF5F-C120-3EA6-85AC-6B1236C094CA}.RelWithDebInfo|x64.Build.0 = RelWithDebInfo|x64
		{049C27CC-312F-30C2-A1E8-9E85A31D736A}.Debug|x64.ActiveCfg = Debug|x64
		{049C27CC-312F-30C2-A1E8-9E85A31D736A}.Release|x64.ActiveCfg = Release|x64
		{049C27CC-312F-30C2-A1E8-9E85A31D736A}.MinSizeRel|x64.ActiveCfg = MinSizeRel|x64
		{049C27CC-312F-30C2-A1E8-9E85A31D736A}.RelWithDebInfo|x64.ActiveCfg = RelWithDebInfo|x64
		{E5AE3A09-2EDF-3799-8BAC-62656EEC63FD}.Debug|x64.ActiveCfg = Debug|x64
		{E5AE3A09-2EDF-3799-8BAC-62656EEC63FD}.Debug|x64.Build.0 = Debug|x64
		{E5AE3A09-2EDF-3799-8BAC-62656EEC63FD}.Release|x64.ActiveCfg = Release|x64
		{E5AE3A09-2EDF-3799-8BAC-62656EEC63FD}.Release|x64.Build.0 = Release|x64
		{E5AE3A09-2EDF-3799-8BAC-62656EEC63FD}.MinSizeRel|x64.ActiveCfg = MinSizeRel|x64
		{E5AE3A09-2EDF-3799-8BAC-62656EEC63FD}.MinSizeRel|x64.Build.0 = MinSizeRel|x64
		{E5AE3A09-2EDF-3799-8BAC-62656EEC63FD}.RelWithDebInfo|x64.ActiveCfg = RelWithDebInfo|x64
		{E5AE3A09-2EDF-3799-8BAC-62656EEC63FD}.RelWithDebInfo|x64.Build.0 = RelWithDebInfo|x64
	EndGlobalSection
	GlobalSection(ExtensibilityGlobals) = postSolution
		SolutionGuid = {BC3B95E3-B0D2-3A91-AB91-26FE92D9231C}
	EndGlobalSection
	GlobalSection(ExtensibilityAddIns) = postSolution
	EndGlobalSection
EndGlobal
